
Microsoft Visual Studio Solution File, Format Version 11.00
# Visual Studio 2010
Project("{FAE04EC0-301F-11D3-BF4B-00C04F79EFBC}") = "Assembly-CSharp-firstpass", "Assembly-CSharp-firstpass.csproj", "{DBE8A915-93B8-06C9-2DD8-37D3B35067FB}"
EndProject
Project("{FAE04EC0-301F-11D3-BF4B-00C04F79EFBC}") = "Assembly-CSharp", "Assembly-CSharp.csproj", "{AFD163AA-9E06-F6DC-ED8F-0D14E1C6DA0A}"
EndProject
Project("{FAE04EC0-301F-11D3-BF4B-00C04F79EFBC}") = "Assembly-CSharp-Editor-firstpass", "Assembly-CSharp-Editor-firstpass.csproj", "{5A06552D-5A35-7B4E-A208-54216C9D6098}"
EndProject
Global
	GlobalSection(SolutionConfigurationPlatforms) = preSolution
		Debug|Any CPU = Debug|Any CPU
		Release|Any CPU = Release|Any CPU
	EndGlobalSection
	GlobalSection(ProjectConfigurationPlatforms) = postSolution
		{DBE8A915-93B8-06C9-2DD8-37D3B35067FB}.Debug|Any CPU.ActiveCfg = Debug|Any CPU
		{DBE8A915-93B8-06C9-2DD8-37D3B35067FB}.Debug|Any CPU.Build.0 = Debug|Any CPU
		{DBE8A915-93B8-06C9-2DD8-37D3B35067FB}.Release|Any CPU.ActiveCfg = Release|Any CPU
		{DBE8A915-93B8-06C9-2DD8-37D3B35067FB}.Release|Any CPU.Build.0 = Release|Any CPU
		{AFD163AA-9E06-F6DC-ED8F-0D14E1C6DA0A}.Debug|Any CPU.ActiveCfg = Debug|Any CPU
		{AFD163AA-9E06-F6DC-ED8F-0D14E1C6DA0A}.Debug|Any CPU.Build.0 = Debug|Any CPU
		{AFD163AA-9E06-F6DC-ED8F-0D14E1C6DA0A}.Release|Any CPU.ActiveCfg = Release|Any CPU
		{AFD163AA-9E06-F6DC-ED8F-0D14E1C6DA0A}.Release|Any CPU.Build.0 = Release|Any CPU
		{5A06552D-5A35-7B4E-A208-54216C9D6098}.Debug|Any CPU.ActiveCfg = Debug|Any CPU
		{5A06552D-5A35-7B4E-A208-54216C9D6098}.Debug|Any CPU.Build.0 = Debug|Any CPU
		{5A06552D-5A35-7B4E-A208-54216C9D6098}.Release|Any CPU.ActiveCfg = Release|Any CPU
		{5A06552D-5A35-7B4E-A208-54216C9D6098}.Release|Any CPU.Build.0 = Release|Any CPU
	EndGlobalSection
	GlobalSection(SolutionProperties) = preSolution
		HideSolutionNode = FALSE
	EndGlobalSection
	GlobalSection(MonoDevelopProperties) = preSolution
		StartupItem = Assembly-CSharp.csproj
	EndGlobalSection
EndGlobal
